
Microsoft Visual Studio Solution File, Format Version 12.00
# Visual Studio Version 17
VisualStudioVersion = 17.3.32901.215
MinimumVisualStudioVersion = 10.0.40219.1
Project("{FAE04EC0-301F-11D3-BF4B-00C04F79EFBC}") = "Unit1", "Unit1.csproj", "{65E55D2E-5EB1-4A86-B170-C84E31B6BA06}"
EndProject
Project("{FAE04EC0-301F-11D3-BF4B-00C04F79EFBC}") = "Unit2", "..\Unit2\Unit2.csproj", "{3D388720-2B0A-4D73-A394-2A766B328A69}"
EndProject
Project("{FAE04EC0-301F-11D3-BF4B-00C04F79EFBC}") = "Unit3", "..\Unit3\Unit3.csproj", "{96E006BF-AE74-49E4-9E41-0D87F077447B}"
EndProject
Project("{FAE04EC0-301F-11D3-BF4B-00C04F79EFBC}") = "Unit5", "..\Unit5\Unit5.csproj", "{3B3DCBE5-400D-44BD-B699-FE1A4162216E}"
EndProject
Project("{FAE04EC0-301F-11D3-BF4B-00C04F79EFBC}") = "Unit6", "..\Unit6\Unit6.csproj", "{EEA8653A-29FB-437E-AA59-519C9397A402}"
EndProject
Project("{FAE04EC0-301F-11D3-BF4B-00C04F79EFBC}") = "FinalTask7", "..\FinalTask7\FinalTask7.csproj", "{55A920C6-9FEE-4BA4-84FA-69DAFA7C8AAD}"
EndProject
Global
	GlobalSection(SolutionConfigurationPlatforms) = preSolution
		Debug|Any CPU = Debug|Any CPU
		Release|Any CPU = Release|Any CPU
	EndGlobalSection
	GlobalSection(ProjectConfigurationPlatforms) = postSolution
		{65E55D2E-5EB1-4A86-B170-C84E31B6BA06}.Debug|Any CPU.ActiveCfg = Debug|Any CPU
		{65E55D2E-5EB1-4A86-B170-C84E31B6BA06}.Debug|Any CPU.Build.0 = Debug|Any CPU
		{65E55D2E-5EB1-4A86-B170-C84E31B6BA06}.Release|Any CPU.ActiveCfg = Release|Any CPU
		{65E55D2E-5EB1-4A86-B170-C84E31B6BA06}.Release|Any CPU.Build.0 = Release|Any CPU
		{3D388720-2B0A-4D73-A394-2A766B328A69}.Debug|Any CPU.ActiveCfg = Debug|Any CPU
		{3D388720-2B0A-4D73-A394-2A766B328A69}.Debug|Any CPU.Build.0 = Debug|Any CPU
		{3D388720-2B0A-4D73-A394-2A766B328A69}.Release|Any CPU.ActiveCfg = Release|Any CPU
		{3D388720-2B0A-4D73-A394-2A766B328A69}.Release|Any CPU.Build.0 = Release|Any CPU
		{96E006BF-AE74-49E4-9E41-0D87F077447B}.Debug|Any CPU.ActiveCfg = Debug|Any CPU
		{96E006BF-AE74-49E4-9E41-0D87F077447B}.Debug|Any CPU.Build.0 = Debug|Any CPU
		{96E006BF-AE74-49E4-9E41-0D87F077447B}.Release|Any CPU.ActiveCfg = Release|Any CPU
		{96E006BF-AE74-49E4-9E41-0D87F077447B}.Release|Any CPU.Build.0 = Release|Any CPU
		{3B3DCBE5-400D-44BD-B699-FE1A4162216E}.Debug|Any CPU.ActiveCfg = Debug|Any CPU
		{3B3DCBE5-400D-44BD-B699-FE1A4162216E}.Debug|Any CPU.Build.0 = Debug|Any CPU
		{3B3DCBE5-400D-44BD-B699-FE1A4162216E}.Release|Any CPU.ActiveCfg = Release|Any CPU
		{3B3DCBE5-400D-44BD-B699-FE1A4162216E}.Release|Any CPU.Build.0 = Release|Any CPU
		{EEA8653A-29FB-437E-AA59-519C9397A402}.Debug|Any CPU.ActiveCfg = Debug|Any CPU
		{EEA8653A-29FB-437E-AA59-519C9397A402}.Debug|Any CPU.Build.0 = Debug|Any CPU
		{EEA8653A-29FB-437E-AA59-519C9397A402}.Release|Any CPU.ActiveCfg = Release|Any CPU
		{EEA8653A-29FB-437E-AA59-519C9397A402}.Release|Any CPU.Build.0 = Release|Any CPU
		{55A920C6-9FEE-4BA4-84FA-69DAFA7C8AAD}.Debug|Any CPU.ActiveCfg = Debug|Any CPU
		{55A920C6-9FEE-4BA4-84FA-69DAFA7C8AAD}.Debug|Any CPU.Build.0 = Debug|Any CPU
		{55A920C6-9FEE-4BA4-84FA-69DAFA7C8AAD}.Release|Any CPU.ActiveCfg = Release|Any CPU
		{55A920C6-9FEE-4BA4-84FA-69DAFA7C8AAD}.Release|Any CPU.Build.0 = Release|Any CPU
	EndGlobalSection
	GlobalSection(SolutionProperties) = preSolution
		HideSolutionNode = FALSE
	EndGlobalSection
	GlobalSection(ExtensibilityGlobals) = postSolution
		SolutionGuid = {A61B20EA-6E15-409E-9A04-3A6F7AF26EC2}
	EndGlobalSection
EndGlobal
